// !$*UTF8*$!
{
	archiveVersion = 1;
	classes = {
	};
	objectVersion = 50;
	objects = {

/* Begin PBXBuildFile section */
		4546FF2D22C5B3A5004EA85A /* ContentDetailViewController.swift in Sources */ = {isa = PBXBuildFile; fileRef = 4546FF1F22C5B3A5004EA85A /* ContentDetailViewController.swift */; };
		4546FF2E22C5B3A5004EA85A /* ContentViewController.swift in Sources */ = {isa = PBXBuildFile; fileRef = 4546FF2022C5B3A5004EA85A /* ContentViewController.swift */; };
		4546FF2F22C5B3A5004EA85A /* News.swift in Sources */ = {isa = PBXBuildFile; fileRef = 4546FF2222C5B3A5004EA85A /* News.swift */; };
		4546FF3022C5B3A5004EA85A /* Content.storyboard in Resources */ = {isa = PBXBuildFile; fileRef = 4546FF2322C5B3A5004EA85A /* Content.storyboard */; };
		4546FF3222C5B3A5004EA85A /* NewsDetailCell.swift in Sources */ = {isa = PBXBuildFile; fileRef = 4546FF2622C5B3A5004EA85A /* NewsDetailCell.swift */; };
		4546FF3322C5B3A5004EA85A /* NewsImageListCell.swift in Sources */ = {isa = PBXBuildFile; fileRef = 4546FF2722C5B3A5004EA85A /* NewsImageListCell.swift */; };
		4546FF3622C5B3A5004EA85A /* NewsListCell.swift in Sources */ = {isa = PBXBuildFile; fileRef = 4546FF2A22C5B3A5004EA85A /* NewsListCell.swift */; };
		4546FF3822C5B3A5004EA85A /* StreachyNewsDetailCell.swift in Sources */ = {isa = PBXBuildFile; fileRef = 4546FF2C22C5B3A5004EA85A /* StreachyNewsDetailCell.swift */; };
		4546FF3A22C5B4E3004EA85A /* Content2ViewController.swift in Sources */ = {isa = PBXBuildFile; fileRef = 4546FF3922C5B4E3004EA85A /* Content2ViewController.swift */; };
		4546FF5122C5BCDC004EA85A /* NewsList.swift in Sources */ = {isa = PBXBuildFile; fileRef = 4546FF4D22C5BCDC004EA85A /* NewsList.swift */; };
		4546FF5622C5BD91004EA85A /* CellAnimator.swift in Sources */ = {isa = PBXBuildFile; fileRef = 4546FF5522C5BD91004EA85A /* CellAnimator.swift */; };
		4546FF5822C5BDD4004EA85A /* CollectionTableViewCell.swift in Sources */ = {isa = PBXBuildFile; fileRef = 4546FF5722C5BDD4004EA85A /* CollectionTableViewCell.swift */; };
		4546FF5B22C5BE22004EA85A /* ContentEmptyFooter.swift in Sources */ = {isa = PBXBuildFile; fileRef = 4546FF5922C5BE21004EA85A /* ContentEmptyFooter.swift */; };
		4546FF5C22C5BE22004EA85A /* ContentEmptyFooter.xib in Resources */ = {isa = PBXBuildFile; fileRef = 4546FF5A22C5BE21004EA85A /* ContentEmptyFooter.xib */; };
		4546FF5F22C5BE7F004EA85A /* TableViewHeaderCell.swift in Sources */ = {isa = PBXBuildFile; fileRef = 4546FF5D22C5BE7F004EA85A /* TableViewHeaderCell.swift */; };
		4546FF6022C5BE7F004EA85A /* TableViewHeaderCell.xib in Resources */ = {isa = PBXBuildFile; fileRef = 4546FF5E22C5BE7F004EA85A /* TableViewHeaderCell.xib */; };
		4546FF6422C5BEAD004EA85A /* FeaturedCollectionCell.xib in Resources */ = {isa = PBXBuildFile; fileRef = 4546FF6222C5BEAD004EA85A /* FeaturedCollectionCell.xib */; };
		4546FF6522C5BEAD004EA85A /* FeaturedCollectionCell.swift in Sources */ = {isa = PBXBuildFile; fileRef = 4546FF6322C5BEAD004EA85A /* FeaturedCollectionCell.swift */; };
		4546FF6722C5BF02004EA85A /* StreachyImageCarouselView.swift in Sources */ = {isa = PBXBuildFile; fileRef = 4546FF6622C5BF02004EA85A /* StreachyImageCarouselView.swift */; };
		45516177229F6E6F00ED37A8 /* Url.swift in Sources */ = {isa = PBXBuildFile; fileRef = 45516176229F6E6F00ED37A8 /* Url.swift */; };
		45A61722212FCE590043B843 /* Fontfabric-PantonBold.otf in Resources */ = {isa = PBXBuildFile; fileRef = 45C286BE212FB896007B92BA /* Fontfabric-PantonBold.otf */; };
		45A61723212FCE590043B843 /* Fontfabric-PantonSemiBold.otf in Resources */ = {isa = PBXBuildFile; fileRef = 45C286BD212FB896007B92BA /* Fontfabric-PantonSemiBold.otf */; };
		45A61724212FCE590043B843 /* SourceSansPro-Light.otf in Resources */ = {isa = PBXBuildFile; fileRef = 45C286BF212FB896007B92BA /* SourceSansPro-Light.otf */; };
		45A61725212FCE590043B843 /* SourceSansPro-Regular.otf in Resources */ = {isa = PBXBuildFile; fileRef = 45C286BB212FB896007B92BA /* SourceSansPro-Regular.otf */; };
		45A61726212FCE590043B843 /* SourceSansPro-Semibold.otf in Resources */ = {isa = PBXBuildFile; fileRef = 45C286BC212FB896007B92BA /* SourceSansPro-Semibold.otf */; };
		45C28685212F8539007B92BA /* Extentions.swift in Sources */ = {isa = PBXBuildFile; fileRef = 45C2867E212F8539007B92BA /* Extentions.swift */; };
		45C2868F212F85D8007B92BA /* APIData.swift in Sources */ = {isa = PBXBuildFile; fileRef = 45C2868A212F85D8007B92BA /* APIData.swift */; };
		45C28691212F85D8007B92BA /* Reachability.swift in Sources */ = {isa = PBXBuildFile; fileRef = 45C2868D212F85D8007B92BA /* Reachability.swift */; };
		45C28693212F860A007B92BA /* BaseViewController.swift in Sources */ = {isa = PBXBuildFile; fileRef = 45C28692212F860A007B92BA /* BaseViewController.swift */; };
		45D7CE652135070A002E8320 /* LaunchScreen.storyboard in Resources */ = {isa = PBXBuildFile; fileRef = 45D7CE642135070A002E8320 /* LaunchScreen.storyboard */; };
		45EA180E20EC4B110054310A /* AppDelegate.swift in Sources */ = {isa = PBXBuildFile; fileRef = 45EA180D20EC4B110054310A /* AppDelegate.swift */; };
		45EA181520EC4B130054310A /* Assets.xcassets in Resources */ = {isa = PBXBuildFile; fileRef = 45EA181420EC4B130054310A /* Assets.xcassets */; };
		45EA185120EEE5500054310A /* Utility.swift in Sources */ = {isa = PBXBuildFile; fileRef = 45EA184F20EEE5500054310A /* Utility.swift */; };
		7BBB14189832B1A462B7613E /* Pods_Aotomot_Content.framework in Frameworks */ = {isa = PBXBuildFile; fileRef = 53C7B0703C8FD018FAAA12C9 /* Pods_Aotomot_Content.framework */; };
/* End PBXBuildFile section */

/* Begin PBXFileReference section */
		420A1841B996A79E701993F0 /* Pods-Aotomot_Content.release (development).xcconfig */ = {isa = PBXFileReference; includeInIndex = 1; lastKnownFileType = text.xcconfig; name = "Pods-Aotomot_Content.release (development).xcconfig"; path = "Pods/Target Support Files/Pods-Aotomot_Content/Pods-Aotomot_Content.release (development).xcconfig"; sourceTree = "<group>"; };
		4546FF1F22C5B3A5004EA85A /* ContentDetailViewController.swift */ = {isa = PBXFileReference; fileEncoding = 4; lastKnownFileType = sourcecode.swift; path = ContentDetailViewController.swift; sourceTree = "<group>"; };
		4546FF2022C5B3A5004EA85A /* ContentViewController.swift */ = {isa = PBXFileReference; fileEncoding = 4; lastKnownFileType = sourcecode.swift; path = ContentViewController.swift; sourceTree = "<group>"; };
		4546FF2222C5B3A5004EA85A /* News.swift */ = {isa = PBXFileReference; fileEncoding = 4; lastKnownFileType = sourcecode.swift; path = News.swift; sourceTree = "<group>"; };
		4546FF2322C5B3A5004EA85A /* Content.storyboard */ = {isa = PBXFileReference; fileEncoding = 4; lastKnownFileType = file.storyboard; path = Content.storyboard; sourceTree = "<group>"; };
		4546FF2622C5B3A5004EA85A /* NewsDetailCell.swift */ = {isa = PBXFileReference; fileEncoding = 4; lastKnownFileType = sourcecode.swift; path = NewsDetailCell.swift; sourceTree = "<group>"; };
		4546FF2722C5B3A5004EA85A /* NewsImageListCell.swift */ = {isa = PBXFileReference; fileEncoding = 4; lastKnownFileType = sourcecode.swift; path = NewsImageListCell.swift; sourceTree = "<group>"; };
		4546FF2A22C5B3A5004EA85A /* NewsListCell.swift */ = {isa = PBXFileReference; fileEncoding = 4; lastKnownFileType = sourcecode.swift; path = NewsListCell.swift; sourceTree = "<group>"; };
		4546FF2C22C5B3A5004EA85A /* StreachyNewsDetailCell.swift */ = {isa = PBXFileReference; fileEncoding = 4; lastKnownFileType = sourcecode.swift; path = StreachyNewsDetailCell.swift; sourceTree = "<group>"; };
		4546FF3922C5B4E3004EA85A /* Content2ViewController.swift */ = {isa = PBXFileReference; fileEncoding = 4; lastKnownFileType = sourcecode.swift; path = Content2ViewController.swift; sourceTree = "<group>"; };
		4546FF4D22C5BCDC004EA85A /* NewsList.swift */ = {isa = PBXFileReference; fileEncoding = 4; lastKnownFileType = sourcecode.swift; path = NewsList.swift; sourceTree = "<group>"; };
		4546FF5522C5BD91004EA85A /* CellAnimator.swift */ = {isa = PBXFileReference; fileEncoding = 4; lastKnownFileType = sourcecode.swift; path = CellAnimator.swift; sourceTree = "<group>"; };
		4546FF5722C5BDD4004EA85A /* CollectionTableViewCell.swift */ = {isa = PBXFileReference; fileEncoding = 4; lastKnownFileType = sourcecode.swift; path = CollectionTableViewCell.swift; sourceTree = "<group>"; };
		4546FF5922C5BE21004EA85A /* ContentEmptyFooter.swift */ = {isa = PBXFileReference; fileEncoding = 4; lastKnownFileType = sourcecode.swift; path = ContentEmptyFooter.swift; sourceTree = "<group>"; };
		4546FF5A22C5BE21004EA85A /* ContentEmptyFooter.xib */ = {isa = PBXFileReference; fileEncoding = 4; lastKnownFileType = file.xib; path = ContentEmptyFooter.xib; sourceTree = "<group>"; };
		4546FF5D22C5BE7F004EA85A /* TableViewHeaderCell.swift */ = {isa = PBXFileReference; fileEncoding = 4; lastKnownFileType = sourcecode.swift; path = TableViewHeaderCell.swift; sourceTree = "<group>"; };
		4546FF5E22C5BE7F004EA85A /* TableViewHeaderCell.xib */ = {isa = PBXFileReference; fileEncoding = 4; lastKnownFileType = file.xib; path = TableViewHeaderCell.xib; sourceTree = "<group>"; };
		4546FF6222C5BEAD004EA85A /* FeaturedCollectionCell.xib */ = {isa = PBXFileReference; fileEncoding = 4; lastKnownFileType = file.xib; path = FeaturedCollectionCell.xib; sourceTree = "<group>"; };
		4546FF6322C5BEAD004EA85A /* FeaturedCollectionCell.swift */ = {isa = PBXFileReference; fileEncoding = 4; lastKnownFileType = sourcecode.swift; path = FeaturedCollectionCell.swift; sourceTree = "<group>"; };
		4546FF6622C5BF02004EA85A /* StreachyImageCarouselView.swift */ = {isa = PBXFileReference; fileEncoding = 4; lastKnownFileType = sourcecode.swift; path = StreachyImageCarouselView.swift; sourceTree = "<group>"; };
		45516176229F6E6F00ED37A8 /* Url.swift */ = {isa = PBXFileReference; lastKnownFileType = sourcecode.swift; path = Url.swift; sourceTree = "<group>"; };
		4555C536218C679B007C4073 /* Info.plist */ = {isa = PBXFileReference; fileEncoding = 4; lastKnownFileType = text.plist.xml; path = Info.plist; sourceTree = "<group>"; };
		4589E097213E3A1300E7FC4A /* mobicionnect-news.entitlements */ = {isa = PBXFileReference; lastKnownFileType = text.plist.entitlements; path = "mobicionnect-news.entitlements"; sourceTree = "<group>"; };
		45C2867E212F8539007B92BA /* Extentions.swift */ = {isa = PBXFileReference; fileEncoding = 4; lastKnownFileType = sourcecode.swift; path = Extentions.swift; sourceTree = "<group>"; };
		45C2868A212F85D8007B92BA /* APIData.swift */ = {isa = PBXFileReference; fileEncoding = 4; lastKnownFileType = sourcecode.swift; path = APIData.swift; sourceTree = "<group>"; };
		45C2868D212F85D8007B92BA /* Reachability.swift */ = {isa = PBXFileReference; fileEncoding = 4; lastKnownFileType = sourcecode.swift; path = Reachability.swift; sourceTree = "<group>"; };
		45C28692212F860A007B92BA /* BaseViewController.swift */ = {isa = PBXFileReference; fileEncoding = 4; lastKnownFileType = sourcecode.swift; path = BaseViewController.swift; sourceTree = "<group>"; };
		45C286BB212FB896007B92BA /* SourceSansPro-Regular.otf */ = {isa = PBXFileReference; lastKnownFileType = file; path = "SourceSansPro-Regular.otf"; sourceTree = "<group>"; };
		45C286BC212FB896007B92BA /* SourceSansPro-Semibold.otf */ = {isa = PBXFileReference; lastKnownFileType = file; path = "SourceSansPro-Semibold.otf"; sourceTree = "<group>"; };
		45C286BD212FB896007B92BA /* Fontfabric-PantonSemiBold.otf */ = {isa = PBXFileReference; lastKnownFileType = file; path = "Fontfabric-PantonSemiBold.otf"; sourceTree = "<group>"; };
		45C286BE212FB896007B92BA /* Fontfabric-PantonBold.otf */ = {isa = PBXFileReference; lastKnownFileType = file; path = "Fontfabric-PantonBold.otf"; sourceTree = "<group>"; };
		45C286BF212FB896007B92BA /* SourceSansPro-Light.otf */ = {isa = PBXFileReference; lastKnownFileType = file; path = "SourceSansPro-Light.otf"; sourceTree = "<group>"; };
		45D7CE642135070A002E8320 /* LaunchScreen.storyboard */ = {isa = PBXFileReference; lastKnownFileType = file.storyboard; path = LaunchScreen.storyboard; sourceTree = "<group>"; };
		45EA180A20EC4B110054310A /* mobicionnect-news.app */ = {isa = PBXFileReference; explicitFileType = wrapper.application; includeInIndex = 0; path = "mobicionnect-news.app"; sourceTree = BUILT_PRODUCTS_DIR; };
		45EA180D20EC4B110054310A /* AppDelegate.swift */ = {isa = PBXFileReference; lastKnownFileType = sourcecode.swift; path = AppDelegate.swift; sourceTree = "<group>"; };
		45EA181420EC4B130054310A /* Assets.xcassets */ = {isa = PBXFileReference; lastKnownFileType = folder.assetcatalog; path = Assets.xcassets; sourceTree = "<group>"; };
		45EA184F20EEE5500054310A /* Utility.swift */ = {isa = PBXFileReference; fileEncoding = 4; lastKnownFileType = sourcecode.swift; path = Utility.swift; sourceTree = "<group>"; };
		53C7B0703C8FD018FAAA12C9 /* Pods_Aotomot_Content.framework */ = {isa = PBXFileReference; explicitFileType = wrapper.framework; includeInIndex = 0; path = Pods_Aotomot_Content.framework; sourceTree = BUILT_PRODUCTS_DIR; };
		86C0BB8B6B94DA3F84C2A6EA /* Pods-Aotomot_Content.debug (development).xcconfig */ = {isa = PBXFileReference; includeInIndex = 1; lastKnownFileType = text.xcconfig; name = "Pods-Aotomot_Content.debug (development).xcconfig"; path = "Pods/Target Support Files/Pods-Aotomot_Content/Pods-Aotomot_Content.debug (development).xcconfig"; sourceTree = "<group>"; };
/* End PBXFileReference section */

/* Begin PBXFrameworksBuildPhase section */
		45EA180720EC4B110054310A /* Frameworks */ = {
			isa = PBXFrameworksBuildPhase;
			buildActionMask = 2147483647;
			files = (
				7BBB14189832B1A462B7613E /* Pods_Aotomot_Content.framework in Frameworks */,
			);
			runOnlyForDeploymentPostprocessing = 0;
		};
/* End PBXFrameworksBuildPhase section */

/* Begin PBXGroup section */
		010323CC5D42BADEF54C8859 /* Frameworks */ = {
			isa = PBXGroup;
			children = (
				53C7B0703C8FD018FAAA12C9 /* Pods_Aotomot_Content.framework */,
			);
			name = Frameworks;
			sourceTree = "<group>";
		};
		2169152D54C7E30C316890A7 /* Pods */ = {
			isa = PBXGroup;
			children = (
				86C0BB8B6B94DA3F84C2A6EA /* Pods-Aotomot_Content.debug (development).xcconfig */,
				420A1841B996A79E701993F0 /* Pods-Aotomot_Content.release (development).xcconfig */,
			);
			name = Pods;
			sourceTree = "<group>";
		};
		4546FF1E22C5B3A5004EA85A /* Content */ = {
			isa = PBXGroup;
			children = (
				4546FF2122C5B3A5004EA85A /* Model */,
				4546FF2422C5B3A5004EA85A /* Views */,
				4546FF1F22C5B3A5004EA85A /* ContentDetailViewController.swift */,
				4546FF3922C5B4E3004EA85A /* Content2ViewController.swift */,
				4546FF2022C5B3A5004EA85A /* ContentViewController.swift */,
				4546FF2322C5B3A5004EA85A /* Content.storyboard */,
			);
			path = Content;
			sourceTree = "<group>";
		};
		4546FF2122C5B3A5004EA85A /* Model */ = {
			isa = PBXGroup;
			children = (
				4546FF2222C5B3A5004EA85A /* News.swift */,
			);
			path = Model;
			sourceTree = "<group>";
		};
		4546FF2422C5B3A5004EA85A /* Views */ = {
			isa = PBXGroup;
			children = (
				4546FF6122C5BEAD004EA85A /* CustomCollectionViewCells */,
				4546FF5D22C5BE7F004EA85A /* TableViewHeaderCell.swift */,
				4546FF5E22C5BE7F004EA85A /* TableViewHeaderCell.xib */,
				4546FF5922C5BE21004EA85A /* ContentEmptyFooter.swift */,
				4546FF5A22C5BE21004EA85A /* ContentEmptyFooter.xib */,
				4546FF5722C5BDD4004EA85A /* CollectionTableViewCell.swift */,
				4546FF4D22C5BCDC004EA85A /* NewsList.swift */,
				4546FF2622C5B3A5004EA85A /* NewsDetailCell.swift */,
				4546FF2722C5B3A5004EA85A /* NewsImageListCell.swift */,
				4546FF2A22C5B3A5004EA85A /* NewsListCell.swift */,
				4546FF6622C5BF02004EA85A /* StreachyImageCarouselView.swift */,
				4546FF2C22C5B3A5004EA85A /* StreachyNewsDetailCell.swift */,
			);
			path = Views;
			sourceTree = "<group>";
		};
		4546FF6122C5BEAD004EA85A /* CustomCollectionViewCells */ = {
			isa = PBXGroup;
			children = (
				4546FF6222C5BEAD004EA85A /* FeaturedCollectionCell.xib */,
				4546FF6322C5BEAD004EA85A /* FeaturedCollectionCell.swift */,
			);
			path = CustomCollectionViewCells;
			sourceTree = "<group>";
		};
		45C286C0212FBE8C007B92BA /* Modules */ = {
			isa = PBXGroup;
			children = (
				45C28692212F860A007B92BA /* BaseViewController.swift */,
				4546FF1E22C5B3A5004EA85A /* Content */,
			);
			path = Modules;
			sourceTree = "<group>";
		};
		45EA180120EC4B110054310A = {
			isa = PBXGroup;
			children = (
				45EA180C20EC4B110054310A /* mobicionnect-news */,
				45EA180B20EC4B110054310A /* Products */,
				2169152D54C7E30C316890A7 /* Pods */,
				010323CC5D42BADEF54C8859 /* Frameworks */,
			);
			sourceTree = "<group>";
		};
		45EA180B20EC4B110054310A /* Products */ = {
			isa = PBXGroup;
			children = (
				45EA180A20EC4B110054310A /* mobicionnect-news.app */,
			);
			name = Products;
			sourceTree = "<group>";
		};
		45EA180C20EC4B110054310A /* mobicionnect-news */ = {
			isa = PBXGroup;
			children = (
				4589E097213E3A1300E7FC4A /* mobicionnect-news.entitlements */,
				4555C536218C679B007C4073 /* Info.plist */,
				45EA183C20EC82E80054310A /* Fonts */,
				45EA184C20EEE4C40054310A /* Utility */,
				45C286C0212FBE8C007B92BA /* Modules */,
				45EA180D20EC4B110054310A /* AppDelegate.swift */,
				45EA181420EC4B130054310A /* Assets.xcassets */,
				45D7CE642135070A002E8320 /* LaunchScreen.storyboard */,
			);
			path = "mobicionnect-news";
			sourceTree = "<group>";
		};
		45EA183C20EC82E80054310A /* Fonts */ = {
			isa = PBXGroup;
			children = (
				45C286BE212FB896007B92BA /* Fontfabric-PantonBold.otf */,
				45C286BD212FB896007B92BA /* Fontfabric-PantonSemiBold.otf */,
				45C286BF212FB896007B92BA /* SourceSansPro-Light.otf */,
				45C286BB212FB896007B92BA /* SourceSansPro-Regular.otf */,
				45C286BC212FB896007B92BA /* SourceSansPro-Semibold.otf */,
			);
			path = Fonts;
			sourceTree = "<group>";
		};
		45EA184C20EEE4C40054310A /* Utility */ = {
			isa = PBXGroup;
			children = (
				45C2868D212F85D8007B92BA /* Reachability.swift */,
				45516176229F6E6F00ED37A8 /* Url.swift */,
				45C2868A212F85D8007B92BA /* APIData.swift */,
				4546FF5522C5BD91004EA85A /* CellAnimator.swift */,
				45C2867E212F8539007B92BA /* Extentions.swift */,
				45EA184F20EEE5500054310A /* Utility.swift */,
			);
			path = Utility;
			sourceTree = "<group>";
		};
/* End PBXGroup section */

/* Begin PBXNativeTarget section */
		45EA180920EC4B110054310A /* mobicionnect-news */ = {
			isa = PBXNativeTarget;
			buildConfigurationList = 45EA183220EC4B130054310A /* Build configuration list for PBXNativeTarget "mobicionnect-news" */;
			buildPhases = (
				4DF7035F7E1B835DCF32CDD1 /* [CP] Check Pods Manifest.lock */,
				45EA180620EC4B110054310A /* Sources */,
				45EA180720EC4B110054310A /* Frameworks */,
				45EA180820EC4B110054310A /* Resources */,
				00CB86DA078B3CA525E77514 /* [CP] Embed Pods Frameworks */,
			);
			buildRules = (
			);
			dependencies = (
			);
			name = "mobicionnect-news";
			productName = DriverManagement;
			productReference = 45EA180A20EC4B110054310A /* mobicionnect-news.app */;
			productType = "com.apple.product-type.application";
		};
/* End PBXNativeTarget section */

/* Begin PBXProject section */
		45EA180220EC4B110054310A /* Project object */ = {
			isa = PBXProject;
			attributes = {
				LastSwiftUpdateCheck = 0940;
				LastUpgradeCheck = 1010;
				ORGANIZATIONNAME = mobiddiction;
				TargetAttributes = {
					45EA180920EC4B110054310A = {
						CreatedOnToolsVersion = 9.4;
						LastSwiftMigration = 1020;
						SystemCapabilities = {
							com.apple.BackgroundModes = {
								enabled = 0;
							};
							com.apple.Push = {
								enabled = 1;
							};
						};
					};
				};
			};
			buildConfigurationList = 45EA180520EC4B110054310A /* Build configuration list for PBXProject "mobicionnect-news" */;
			compatibilityVersion = "Xcode 9.3";
			developmentRegion = en;
			hasScannedForEncodings = 0;
			knownRegions = (
				en,
				Base,
			);
			mainGroup = 45EA180120EC4B110054310A;
			productRefGroup = 45EA180B20EC4B110054310A /* Products */;
			projectDirPath = "";
			projectRoot = "";
			targets = (
				45EA180920EC4B110054310A /* mobicionnect-news */,
			);
		};
/* End PBXProject section */

/* Begin PBXResourcesBuildPhase section */
		45EA180820EC4B110054310A /* Resources */ = {
			isa = PBXResourcesBuildPhase;
			buildActionMask = 2147483647;
			files = (
				4546FF5C22C5BE22004EA85A /* ContentEmptyFooter.xib in Resources */,
				4546FF6422C5BEAD004EA85A /* FeaturedCollectionCell.xib in Resources */,
				45A61723212FCE590043B843 /* Fontfabric-PantonSemiBold.otf in Resources */,
				45A61726212FCE590043B843 /* SourceSansPro-Semibold.otf in Resources */,
				45A61722212FCE590043B843 /* Fontfabric-PantonBold.otf in Resources */,
				4546FF6022C5BE7F004EA85A /* TableViewHeaderCell.xib in Resources */,
				4546FF3022C5B3A5004EA85A /* Content.storyboard in Resources */,
				45A61725212FCE590043B843 /* SourceSansPro-Regular.otf in Resources */,
				45EA181520EC4B130054310A /* Assets.xcassets in Resources */,
				45D7CE652135070A002E8320 /* LaunchScreen.storyboard in Resources */,
				45A61724212FCE590043B843 /* SourceSansPro-Light.otf in Resources */,
			);
			runOnlyForDeploymentPostprocessing = 0;
		};
/* End PBXResourcesBuildPhase section */

/* Begin PBXShellScriptBuildPhase section */
		00CB86DA078B3CA525E77514 /* [CP] Embed Pods Frameworks */ = {
			isa = PBXShellScriptBuildPhase;
			buildActionMask = 2147483647;
			files = (
			);
			inputPaths = (
				"${SRCROOT}/Pods/Target Support Files/Pods-Aotomot_Content/Pods-Aotomot_Content-frameworks.sh",
				"${BUILT_PRODUCTS_DIR}/Alamofire/Alamofire.framework",
				"${BUILT_PRODUCTS_DIR}/SDCycleScrollView/SDCycleScrollView.framework",
				"${BUILT_PRODUCTS_DIR}/SDWebImage/SDWebImage.framework",
				"${BUILT_PRODUCTS_DIR}/SnapKit/SnapKit.framework",
				"${BUILT_PRODUCTS_DIR}/Spring/Spring.framework",
				"${BUILT_PRODUCTS_DIR}/ViewAnimator/ViewAnimator.framework",
			);
			name = "[CP] Embed Pods Frameworks";
			outputPaths = (
				"${TARGET_BUILD_DIR}/${FRAMEWORKS_FOLDER_PATH}/Alamofire.framework",
				"${TARGET_BUILD_DIR}/${FRAMEWORKS_FOLDER_PATH}/SDCycleScrollView.framework",
				"${TARGET_BUILD_DIR}/${FRAMEWORKS_FOLDER_PATH}/SDWebImage.framework",
				"${TARGET_BUILD_DIR}/${FRAMEWORKS_FOLDER_PATH}/SnapKit.framework",
				"${TARGET_BUILD_DIR}/${FRAMEWORKS_FOLDER_PATH}/Spring.framework",
				"${TARGET_BUILD_DIR}/${FRAMEWORKS_FOLDER_PATH}/ViewAnimator.framework",
			);
			runOnlyForDeploymentPostprocessing = 0;
			shellPath = /bin/sh;
			shellScript = "\"${SRCROOT}/Pods/Target Support Files/Pods-Aotomot_Content/Pods-Aotomot_Content-frameworks.sh\"\n";
			showEnvVarsInLog = 0;
		};
		4DF7035F7E1B835DCF32CDD1 /* [CP] Check Pods Manifest.lock */ = {
			isa = PBXShellScriptBuildPhase;
			buildActionMask = 2147483647;
			files = (
			);
			inputPaths = (
				"${PODS_PODFILE_DIR_PATH}/Podfile.lock",
				"${PODS_ROOT}/Manifest.lock",
			);
			name = "[CP] Check Pods Manifest.lock";
			outputPaths = (
				"$(DERIVED_FILE_DIR)/Pods-Aotomot_Content-checkManifestLockResult.txt",
			);
			runOnlyForDeploymentPostprocessing = 0;
			shellPath = /bin/sh;
			shellScript = "diff \"${PODS_PODFILE_DIR_PATH}/Podfile.lock\" \"${PODS_ROOT}/Manifest.lock\" > /dev/null\nif [ $? != 0 ] ; then\n    # print error to STDERR\n    echo \"error: The sandbox is not in sync with the Podfile.lock. Run 'pod install' or update your CocoaPods installation.\" >&2\n    exit 1\nfi\n# This output is used by Xcode 'outputs' to avoid re-running this script phase.\necho \"SUCCESS\" > \"${SCRIPT_OUTPUT_FILE_0}\"\n";
			showEnvVarsInLog = 0;
		};
/* End PBXShellScriptBuildPhase section */

/* Begin PBXSourcesBuildPhase section */
		45EA180620EC4B110054310A /* Sources */ = {
			isa = PBXSourcesBuildPhase;
			buildActionMask = 2147483647;
			files = (
				45516177229F6E6F00ED37A8 /* Url.swift in Sources */,
				4546FF3322C5B3A5004EA85A /* NewsImageListCell.swift in Sources */,
				4546FF2E22C5B3A5004EA85A /* ContentViewController.swift in Sources */,
				4546FF2D22C5B3A5004EA85A /* ContentDetailViewController.swift in Sources */,
				4546FF5822C5BDD4004EA85A /* CollectionTableViewCell.swift in Sources */,
				4546FF2F22C5B3A5004EA85A /* News.swift in Sources */,
				4546FF5622C5BD91004EA85A /* CellAnimator.swift in Sources */,
				4546FF5122C5BCDC004EA85A /* NewsList.swift in Sources */,
				45EA185120EEE5500054310A /* Utility.swift in Sources */,
				45EA180E20EC4B110054310A /* AppDelegate.swift in Sources */,
				4546FF6522C5BEAD004EA85A /* FeaturedCollectionCell.swift in Sources */,
				45C28691212F85D8007B92BA /* Reachability.swift in Sources */,
				45C2868F212F85D8007B92BA /* APIData.swift in Sources */,
				45C28685212F8539007B92BA /* Extentions.swift in Sources */,
				4546FF6722C5BF02004EA85A /* StreachyImageCarouselView.swift in Sources */,
				4546FF3A22C5B4E3004EA85A /* Content2ViewController.swift in Sources */,
				4546FF3822C5B3A5004EA85A /* StreachyNewsDetailCell.swift in Sources */,
				4546FF5B22C5BE22004EA85A /* ContentEmptyFooter.swift in Sources */,
				4546FF5F22C5BE7F004EA85A /* TableViewHeaderCell.swift in Sources */,
				45C28693212F860A007B92BA /* BaseViewController.swift in Sources */,
				4546FF3622C5B3A5004EA85A /* NewsListCell.swift in Sources */,
				4546FF3222C5B3A5004EA85A /* NewsDetailCell.swift in Sources */,
			);
			runOnlyForDeploymentPostprocessing = 0;
		};
/* End PBXSourcesBuildPhase section */

/* Begin XCBuildConfiguration section */
		45EA183020EC4B130054310A /* Debug (Development) */ = {
			isa = XCBuildConfiguration;
			buildSettings = {
				ALWAYS_SEARCH_USER_PATHS = NO;
				CLANG_ANALYZER_NONNULL = YES;
				CLANG_ANALYZER_NUMBER_OBJECT_CONVERSION = YES_AGGRESSIVE;
				CLANG_CXX_LANGUAGE_STANDARD = "gnu++14";
				CLANG_CXX_LIBRARY = "libc++";
				CLANG_ENABLE_MODULES = YES;
				CLANG_ENABLE_OBJC_ARC = YES;
				CLANG_ENABLE_OBJC_WEAK = YES;
				CLANG_WARN_BLOCK_CAPTURE_AUTORELEASING = YES;
				CLANG_WARN_BOOL_CONVERSION = YES;
				CLANG_WARN_COMMA = YES;
				CLANG_WARN_CONSTANT_CONVERSION = YES;
				CLANG_WARN_DEPRECATED_OBJC_IMPLEMENTATIONS = YES;
				CLANG_WARN_DIRECT_OBJC_ISA_USAGE = YES_ERROR;
				CLANG_WARN_DOCUMENTATION_COMMENTS = YES;
				CLANG_WARN_EMPTY_BODY = YES;
				CLANG_WARN_ENUM_CONVERSION = YES;
				CLANG_WARN_INFINITE_RECURSION = YES;
				CLANG_WARN_INT_CONVERSION = YES;
				CLANG_WARN_NON_LITERAL_NULL_CONVERSION = YES;
				CLANG_WARN_OBJC_IMPLICIT_RETAIN_SELF = YES;
				CLANG_WARN_OBJC_LITERAL_CONVERSION = YES;
				CLANG_WARN_OBJC_ROOT_CLASS = YES_ERROR;
				CLANG_WARN_RANGE_LOOP_ANALYSIS = YES;
				CLANG_WARN_STRICT_PROTOTYPES = YES;
				CLANG_WARN_SUSPICIOUS_MOVE = YES;
				CLANG_WARN_UNGUARDED_AVAILABILITY = YES_AGGRESSIVE;
				CLANG_WARN_UNREACHABLE_CODE = YES;
				CLANG_WARN__DUPLICATE_METHOD_MATCH = YES;
				CODE_SIGN_IDENTITY = "iPhone Developer";
				COPY_PHASE_STRIP = NO;
				DEBUG_INFORMATION_FORMAT = dwarf;
				ENABLE_STRICT_OBJC_MSGSEND = YES;
				ENABLE_TESTABILITY = YES;
				GCC_C_LANGUAGE_STANDARD = gnu11;
				GCC_DYNAMIC_NO_PIC = NO;
				GCC_NO_COMMON_BLOCKS = YES;
				GCC_OPTIMIZATION_LEVEL = 0;
				GCC_PREPROCESSOR_DEFINITIONS = (
					"DEBUG=1",
					"$(inherited)",
				);
				GCC_WARN_64_TO_32_BIT_CONVERSION = YES;
				GCC_WARN_ABOUT_RETURN_TYPE = YES_ERROR;
				GCC_WARN_UNDECLARED_SELECTOR = YES;
				GCC_WARN_UNINITIALIZED_AUTOS = YES_AGGRESSIVE;
				GCC_WARN_UNUSED_FUNCTION = YES;
				GCC_WARN_UNUSED_VARIABLE = YES;
				IPHONEOS_DEPLOYMENT_TARGET = 11.4;
				MTL_ENABLE_DEBUG_INFO = YES;
				ONLY_ACTIVE_ARCH = YES;
				SDKROOT = iphoneos;
				SWIFT_ACTIVE_COMPILATION_CONDITIONS = DEBUG;
				SWIFT_OPTIMIZATION_LEVEL = "-Onone";
			};
			name = "Debug (Development)";
		};
		45EA183120EC4B130054310A /* Release (Development) */ = {
			isa = XCBuildConfiguration;
			buildSettings = {
				ALWAYS_SEARCH_USER_PATHS = NO;
				CLANG_ANALYZER_NONNULL = YES;
				CLANG_ANALYZER_NUMBER_OBJECT_CONVERSION = YES_AGGRESSIVE;
				CLANG_CXX_LANGUAGE_STANDARD = "gnu++14";
				CLANG_CXX_LIBRARY = "libc++";
				CLANG_ENABLE_MODULES = YES;
				CLANG_ENABLE_OBJC_ARC = YES;
				CLANG_ENABLE_OBJC_WEAK = YES;
				CLANG_WARN_BLOCK_CAPTURE_AUTORELEASING = YES;
				CLANG_WARN_BOOL_CONVERSION = YES;
				CLANG_WARN_COMMA = YES;
				CLANG_WARN_CONSTANT_CONVERSION = YES;
				CLANG_WARN_DEPRECATED_OBJC_IMPLEMENTATIONS = YES;
				CLANG_WARN_DIRECT_OBJC_ISA_USAGE = YES_ERROR;
				CLANG_WARN_DOCUMENTATION_COMMENTS = YES;
				CLANG_WARN_EMPTY_BODY = YES;
				CLANG_WARN_ENUM_CONVERSION = YES;
				CLANG_WARN_INFINITE_RECURSION = YES;
				CLANG_WARN_INT_CONVERSION = YES;
				CLANG_WARN_NON_LITERAL_NULL_CONVERSION = YES;
				CLANG_WARN_OBJC_IMPLICIT_RETAIN_SELF = YES;
				CLANG_WARN_OBJC_LITERAL_CONVERSION = YES;
				CLANG_WARN_OBJC_ROOT_CLASS = YES_ERROR;
				CLANG_WARN_RANGE_LOOP_ANALYSIS = YES;
				CLANG_WARN_STRICT_PROTOTYPES = YES;
				CLANG_WARN_SUSPICIOUS_MOVE = YES;
				CLANG_WARN_UNGUARDED_AVAILABILITY = YES_AGGRESSIVE;
				CLANG_WARN_UNREACHABLE_CODE = YES;
				CLANG_WARN__DUPLICATE_METHOD_MATCH = YES;
				CODE_SIGN_IDENTITY = "iPhone Developer";
				COPY_PHASE_STRIP = NO;
				DEBUG_INFORMATION_FORMAT = "dwarf-with-dsym";
				ENABLE_NS_ASSERTIONS = NO;
				ENABLE_STRICT_OBJC_MSGSEND = YES;
				ENABLE_TESTABILITY = YES;
				GCC_C_LANGUAGE_STANDARD = gnu11;
				GCC_NO_COMMON_BLOCKS = YES;
				GCC_WARN_64_TO_32_BIT_CONVERSION = YES;
				GCC_WARN_ABOUT_RETURN_TYPE = YES_ERROR;
				GCC_WARN_UNDECLARED_SELECTOR = YES;
				GCC_WARN_UNINITIALIZED_AUTOS = YES_AGGRESSIVE;
				GCC_WARN_UNUSED_FUNCTION = YES;
				GCC_WARN_UNUSED_VARIABLE = YES;
				IPHONEOS_DEPLOYMENT_TARGET = 11.4;
				MTL_ENABLE_DEBUG_INFO = NO;
				ONLY_ACTIVE_ARCH = YES;
				SDKROOT = iphoneos;
				SWIFT_COMPILATION_MODE = wholemodule;
				SWIFT_OPTIMIZATION_LEVEL = "-O";
				VALIDATE_PRODUCT = YES;
			};
			name = "Release (Development)";
		};
		45EA183320EC4B130054310A /* Debug (Development) */ = {
			isa = XCBuildConfiguration;
			baseConfigurationReference = 86C0BB8B6B94DA3F84C2A6EA /* Pods-Aotomot_Content.debug (development).xcconfig */;
			buildSettings = {
				ASSETCATALOG_COMPILER_APPICON_NAME = AppIcon;
				CODE_SIGN_ENTITLEMENTS = "mobicionnect-news/mobicionnect-newsentitlements";
				CODE_SIGN_IDENTITY = "iPhone Developer";
				CODE_SIGN_STYLE = Automatic;
				DEVELOPMENT_TEAM = Q4J99897CB;
				INFOPLIST_FILE = "$(SRCROOT)/mobicionnect-news/Info.plist";
				IPHONEOS_DEPLOYMENT_TARGET = 11.0;
				LD_RUNPATH_SEARCH_PATHS = (
					"$(inherited)",
					"@executable_path/Frameworks",
				);
				PRODUCT_BUNDLE_IDENTIFIER = au.com.mobicionnect.news;
				PRODUCT_NAME = "$(TARGET_NAME)";
				PROVISIONING_PROFILE = "";
				PROVISIONING_PROFILE_SPECIFIER = "";
				SWIFT_ENABLE_BATCH_MODE = NO;
				SWIFT_OBJC_BRIDGING_HEADER = "";
				SWIFT_VERSION = 5.0;
				TARGETED_DEVICE_FAMILY = 1;
			};
			name = "Debug (Development)";
		};
		45EA183420EC4B130054310A /* Release (Development) */ = {
			isa = XCBuildConfiguration;
			baseConfigurationReference = 420A1841B996A79E701993F0 /* Pods-Aotomot_Content.release (development).xcconfig */;
			buildSettings = {
				ASSETCATALOG_COMPILER_APPICON_NAME = AppIcon;
				CODE_SIGN_ENTITLEMENTS = "mobicionnect-news/mobicionnect-newsentitlements";
				CODE_SIGN_IDENTITY = "iPhone Developer";
				CODE_SIGN_STYLE = Automatic;
				DEVELOPMENT_TEAM = Q4J99897CB;
				INFOPLIST_FILE = "$(SRCROOT)/mobicionnect-news/Info.plist";
				IPHONEOS_DEPLOYMENT_TARGET = 11.0;
				LD_RUNPATH_SEARCH_PATHS = (
					"$(inherited)",
					"@executable_path/Frameworks",
				);
				PRODUCT_BUNDLE_IDENTIFIER = au.com.mobicionnect.news;
				PRODUCT_NAME = "$(TARGET_NAME)";
				PROVISIONING_PROFILE = "";
				PROVISIONING_PROFILE_SPECIFIER = "";
				SWIFT_ENABLE_BATCH_MODE = NO;
				SWIFT_OBJC_BRIDGING_HEADER = "";
				SWIFT_VERSION = 5.0;
				TARGETED_DEVICE_FAMILY = 1;
			};
			name = "Release (Development)";
		};
/* End XCBuildConfiguration section */

/* Begin XCConfigurationList section */
		45EA180520EC4B110054310A /* Build configuration list for PBXProject "mobicionnect-news" */ = {
			isa = XCConfigurationList;
			buildConfigurations = (
				45EA183020EC4B130054310A /* Debug (Development) */,
				45EA183120EC4B130054310A /* Release (Development) */,
			);
			defaultConfigurationIsVisible = 0;
			defaultConfigurationName = "Release (Development)";
		};
		45EA183220EC4B130054310A /* Build configuration list for PBXNativeTarget "mobicionnect-news" */ = {
			isa = XCConfigurationList;
			buildConfigurations = (
				45EA183320EC4B130054310A /* Debug (Development) */,
				45EA183420EC4B130054310A /* Release (Development) */,
			);
			defaultConfigurationIsVisible = 0;
			defaultConfigurationName = "Release (Development)";
		};
/* End XCConfigurationList section */
	};
	rootObject = 45EA180220EC4B110054310A /* Project object */;
}
